PODS:
  - MBProgressHUD (1.2.0)
  - SDWebImage (4.4.8):
    - SDWebImage/Core (= 4.4.8)
  - SDWebImage/Core (4.4.8)

DEPENDENCIES:
  - MBProgressHUD (~> 1.2.0)
  - SDWebImage (~> 4.4.2)

SPEC REPOS:
  trunk:
    - MBProgressHUD
    - SDWebImage

SPEC CHECKSUMS:
  MBProgressHUD: 3ee5efcc380f6a79a7cc9b363dd669c5e1ae7406
  SDWebImage: 783af2c3fa36291a250030c4752ee370a9a51d13

PODFILE CHECKSUM: 086ddb10fd19776dbc634ea4a6bb010a4871799e

COCOAPODS: 1.9.3
